
Microsoft Visual Studio Solution File, Format Version 11.00
# Visual Studio 2010
Project("{FAE04EC0-301F-11D3-BF4B-00C04F79EFBC}") = "spine-unity", "spine-unity.csproj", "{4ebdc6d9-b198-4028-cad8-6ae288c4c16e}"
EndProject
Project("{FAE04EC0-301F-11D3-BF4B-00C04F79EFBC}") = "Assembly-CSharp", "Assembly-CSharp.csproj", "{03938ccd-4b40-8dfb-6b9b-21988d5cac0a}"
EndProject
Project("{FAE04EC0-301F-11D3-BF4B-00C04F79EFBC}") = "spine-unity-editor", "spine-unity-editor.csproj", "{d8f80abd-98ec-9464-f316-0c1f7b74aa00}"
EndProject
Project("{FAE04EC0-301F-11D3-BF4B-00C04F79EFBC}") = "Assembly-CSharp-Editor", "Assembly-CSharp-Editor.csproj", "{c6e61163-200a-3b38-320b-694068de37a5}"
EndProject
Global
	GlobalSection(SolutionConfigurationPlatforms) = preSolution
		Debug|Any CPU = Debug|Any CPU
		Release|Any CPU = Release|Any CPU
	EndGlobalSection
	GlobalSection(ProjectConfigurationPlatforms) = postSolution
		{4ebdc6d9-b198-4028-cad8-6ae288c4c16e}.Debug|Any CPU.ActiveCfg = Debug|Any CPU
		{4ebdc6d9-b198-4028-cad8-6ae288c4c16e}.Debug|Any CPU.Build.0 = Debug|Any CPU
		{4ebdc6d9-b198-4028-cad8-6ae288c4c16e}.Release|Any CPU.ActiveCfg = Release|Any CPU
		{4ebdc6d9-b198-4028-cad8-6ae288c4c16e}.Release|Any CPU.Build.0 = Release|Any CPU
		{03938ccd-4b40-8dfb-6b9b-21988d5cac0a}.Debug|Any CPU.ActiveCfg = Debug|Any CPU
		{03938ccd-4b40-8dfb-6b9b-21988d5cac0a}.Debug|Any CPU.Build.0 = Debug|Any CPU
		{03938ccd-4b40-8dfb-6b9b-21988d5cac0a}.Release|Any CPU.ActiveCfg = Release|Any CPU
		{03938ccd-4b40-8dfb-6b9b-21988d5cac0a}.Release|Any CPU.Build.0 = Release|Any CPU
		{d8f80abd-98ec-9464-f316-0c1f7b74aa00}.Debug|Any CPU.ActiveCfg = Debug|Any CPU
		{d8f80abd-98ec-9464-f316-0c1f7b74aa00}.Debug|Any CPU.Build.0 = Debug|Any CPU
		{d8f80abd-98ec-9464-f316-0c1f7b74aa00}.Release|Any CPU.ActiveCfg = Release|Any CPU
		{d8f80abd-98ec-9464-f316-0c1f7b74aa00}.Release|Any CPU.Build.0 = Release|Any CPU
		{c6e61163-200a-3b38-320b-694068de37a5}.Debug|Any CPU.ActiveCfg = Debug|Any CPU
		{c6e61163-200a-3b38-320b-694068de37a5}.Debug|Any CPU.Build.0 = Debug|Any CPU
		{c6e61163-200a-3b38-320b-694068de37a5}.Release|Any CPU.ActiveCfg = Release|Any CPU
		{c6e61163-200a-3b38-320b-694068de37a5}.Release|Any CPU.Build.0 = Release|Any CPU
	EndGlobalSection
	GlobalSection(SolutionProperties) = preSolution
		HideSolutionNode = FALSE
	EndGlobalSection
EndGlobal
